
Microsoft Visual Studio Solution File, Format Version 12.00
# Visual Studio Version 17
VisualStudioVersion = 17.14.36616.10 d17.14
MinimumVisualStudioVersion = 10.0.40219.1
Project("{FAE04EC0-301F-11D3-BF4B-00C04F79EFBC}") = "Hash'n'Coder", "Hash'n'Coder\Hash'n'Coder.csproj", "{73CF6DE7-0879-4231-AB50-0B1FD7D45F7A}"
EndProject
Global
	GlobalSection(SolutionConfigurationPlatforms) = preSolution
		Debug|Any CPU = Debug|Any CPU
		Release|Any CPU = Release|Any CPU
	EndGlobalSection
	GlobalSection(ProjectConfigurationPlatforms) = postSolution
		{73CF6DE7-0879-4231-AB50-0B1FD7D45F7A}.Debug|Any CPU.ActiveCfg = Debug|Any CPU
		{73CF6DE7-0879-4231-AB50-0B1FD7D45F7A}.Debug|Any CPU.Build.0 = Debug|Any CPU
		{73CF6DE7-0879-4231-AB50-0B1FD7D45F7A}.Release|Any CPU.ActiveCfg = Release|Any CPU
		{73CF6DE7-0879-4231-AB50-0B1FD7D45F7A}.Release|Any CPU.Build.0 = Release|Any CPU
	EndGlobalSection
	GlobalSection(SolutionProperties) = preSolution
		HideSolutionNode = FALSE
	EndGlobalSection
	GlobalSection(ExtensibilityGlobals) = postSolution
		SolutionGuid = {A1C6F2FE-1F8D-464A-B286-5C80DBCA79C6}
	EndGlobalSection
EndGlobal
